lockfileVersion: 5.3

specifiers:
  '@prisma/client': 3.8.0
  prisma: 3.8.0

dependencies:
  '@prisma/client': 3.8.0_prisma@3.8.0

devDependencies:
  prisma: 3.8.0

packages:

  /@prisma/client/3.8.0_prisma@3.8.0:
    resolution: {integrity: sha512-odYAbzfGvVWpDxhk2Yb03DlcCg6zKgJjt5admcp4xtr7u0f76B2NppC4TSGxvdQUGzPI6G37afu2oZCb/uwGfg==}
    engines: {node: '>=12.6'}
    requiresBuild: true
    peerDependencies:
      prisma: '*'
    peerDependenciesMeta:
      prisma:
        optional: true
    dependencies:
      '@prisma/engines-version': 3.8.0-43.34df67547cf5598f5a6cd3eb45f14ee70c3fb86f
      prisma: 3.8.0
    dev: false

  /@prisma/engines-version/3.8.0-43.34df67547cf5598f5a6cd3eb45f14ee70c3fb86f:
    resolution: {integrity: sha512-G2JH6yWt6ixGKmsRmVgaQYahfwMopim0u/XLIZUo2o/mZ5jdu7+BL+2V5lZr7XiG1axhyrpvlyqE/c0OgYSl3g==}
    dev: false

  /@prisma/engines/3.8.0-43.34df67547cf5598f5a6cd3eb45f14ee70c3fb86f:
    resolution: {integrity: sha512-bHYubuItSN/DGYo36aDu7xJiJmK52JOSHs4MK+KbceAtwS20BCWadRgtpQ3iZ2EXfN/B1T0iCXlNraaNwnpU2w==}
    requiresBuild: true
    dev: true

  /prisma/3.8.0:
    resolution: {integrity: sha512-xLmVyO/L6C4ZdHzHqiJVq3ZfDWSym29x75JcwJx746ps61UcNEg4ozSwN9ud7UjXLntdXe1xDLNOUO1lc7LN5g==}
    engines: {node: '>=12.6'}
    hasBin: true
    requiresBuild: true
    dependencies:
      '@prisma/engines': 3.8.0-43.34df67547cf5598f5a6cd3eb45f14ee70c3fb86f
    dev: true
